{
    "_readme": [
        "This file locks the dependencies of your project to a known state",
        "Read more about it at http://getcomposer.org/doc/01-basic-usage.md#composer-lock-the-lock-file",
        "This file is @generated automatically"
    ],
    "hash": "4484fbf1b41691cd888f929720ebe04f",
    "packages": [
        {
            "name": "zizaco/mongolid",
            "version": "v0.5.2",
            "source": {
                "type": "git",
                "url": "https://github.com/leroy-merlin-br/mongolid.git",
                "reference": "22a942fd0ed1abb35fc140b797cbf118cca70574"
            },
            "dist": {
                "type": "zip",
                "url": "https://api.github.com/repos/leroy-merlin-br/mongolid/zipball/22a942fd0ed1abb35fc140b797cbf118cca70574",
                "reference": "22a942fd0ed1abb35fc140b797cbf118cca70574",
                "shasum": ""
            },
            "require": {
                "php": ">=5.3.0"
            },
            "require-dev": {
                "mockery/mockery": "0.7.2",
                "satooshi/php-coveralls": "dev-master"
            },
            "type": "library",
            "extra": {
                "branch-alias": {
                    "dev-master": "v0.5-dev"
                }
            },
            "autoload": {
                "psr-0": {
                    "Zizaco\\Mongolid": "src/"
                }
            },
            "notification-url": "https://packagist.org/downloads/",
            "license": [
                "MIT"
            ],
            "authors": [
                {
                    "name": "Zizaco Zizuini",
                    "email": "zizaco@gmail.com"
                }
            ],
            "description": "Easy, powerful and ultrafast ODM for PHP and MongoDB.",
            "keywords": [
                "mongodb",
                "nosql",
                "odm"
            ],
            "time": "2014-07-23 21:07:49"
        }
    ],
    "packages-dev": [

    ],
    "aliases": [

    ],
    "minimum-stability": "stable",
    "stability-flags": [

    ],
    "platform": {
        "php": ">=5.3"
    },
    "platform-dev": [

    ]
}
